// !$*UTF8*$!
{
	archiveVersion = 1;
	classes = {
	};
	objectVersion = 46;
	objects = {

/* Begin PBXBuildFile section */
		581F8B7A1F06945E006EB70E /* OvalOuterLayer.swift in Sources */ = {isa = PBXBuildFile; fileRef = 581F8B791F06945E006EB70E /* OvalOuterLayer.swift */; };
		589854111F0559A200C0C480 /* AppDelegate.swift in Sources */ = {isa = PBXBuildFile; fileRef = 589854101F0559A200C0C480 /* AppDelegate.swift */; };
		589854131F0559A200C0C480 /* ViewController.swift in Sources */ = {isa = PBXBuildFile; fileRef = 589854121F0559A200C0C480 /* ViewController.swift */; };
		589854161F0559A200C0C480 /* Main.storyboard in Resources */ = {isa = PBXBuildFile; fileRef = 589854141F0559A200C0C480 /* Main.storyboard */; };
		589854181F0559A200C0C480 /* Assets.xcassets in Resources */ = {isa = PBXBuildFile; fileRef = 589854171F0559A200C0C480 /* Assets.xcassets */; };
		5898541B1F0559A200C0C480 /* LaunchScreen.storyboard in Resources */ = {isa = PBXBuildFile; fileRef = 589854191F0559A200C0C480 /* LaunchScreen.storyboard */; };
		589854241F055A0A00C0C480 /* SpinnerView.swift in Sources */ = {isa = PBXBuildFile; fileRef = 589854231F055A0A00C0C480 /* SpinnerView.swift */; };
		589854261F055A3100C0C480 /* OvalLayer.swift in Sources */ = {isa = PBXBuildFile; fileRef = 589854251F055A3100C0C480 /* OvalLayer.swift */; };
		589854281F055A4500C0C480 /* TriangleLayer.swift in Sources */ = {isa = PBXBuildFile; fileRef = 589854271F055A4500C0C480 /* TriangleLayer.swift */; };
		5898542B1F055E5A00C0C480 /* RepeatingTimerManager.swift in Sources */ = {isa = PBXBuildFile; fileRef = 5898542A1F055E5A00C0C480 /* RepeatingTimerManager.swift */; };
/* End PBXBuildFile section */

/* Begin PBXFileReference section */
		581F8B791F06945E006EB70E /* OvalOuterLayer.swift */ = {isa = PBXFileReference; fileEncoding = 4; lastKnownFileType = sourcecode.swift; name = OvalOuterLayer.swift; path = Spinner/OvalOuterLayer.swift; sourceTree = "<group>"; };
		5898540D1F0559A200C0C480 /* SASpinner.app */ = {isa = PBXFileReference; explicitFileType = wrapper.application; includeInIndex = 0; path = SASpinner.app; sourceTree = BUILT_PRODUCTS_DIR; };
		589854101F0559A200C0C480 /* AppDelegate.swift */ = {isa = PBXFileReference; lastKnownFileType = sourcecode.swift; path = AppDelegate.swift; sourceTree = "<group>"; };
		589854121F0559A200C0C480 /* ViewController.swift */ = {isa = PBXFileReference; lastKnownFileType = sourcecode.swift; path = ViewController.swift; sourceTree = "<group>"; };
		589854151F0559A200C0C480 /* Base */ = {isa = PBXFileReference; lastKnownFileType = file.storyboard; name = Base; path = Base.lproj/Main.storyboard; sourceTree = "<group>"; };
		589854171F0559A200C0C480 /* Assets.xcassets */ = {isa = PBXFileReference; lastKnownFileType = folder.assetcatalog; path = Assets.xcassets; sourceTree = "<group>"; };
		5898541A1F0559A200C0C480 /* Base */ = {isa = PBXFileReference; lastKnownFileType = file.storyboard; name = Base; path = Base.lproj/LaunchScreen.storyboard; sourceTree = "<group>"; };
		5898541C1F0559A200C0C480 /* Info.plist */ = {isa = PBXFileReference; lastKnownFileType = text.plist.xml; path = Info.plist; sourceTree = "<group>"; };
		589854231F055A0A00C0C480 /* SpinnerView.swift */ = {isa = PBXFileReference; fileEncoding = 4; lastKnownFileType = sourcecode.swift; name = SpinnerView.swift; path = Spinner/SpinnerView.swift; sourceTree = "<group>"; };
		589854251F055A3100C0C480 /* OvalLayer.swift */ = {isa = PBXFileReference; fileEncoding = 4; lastKnownFileType = sourcecode.swift; name = OvalLayer.swift; path = Spinner/OvalLayer.swift; sourceTree = "<group>"; };
		589854271F055A4500C0C480 /* TriangleLayer.swift */ = {isa = PBXFileReference; fileEncoding = 4; lastKnownFileType = sourcecode.swift; name = TriangleLayer.swift; path = Spinner/TriangleLayer.swift; sourceTree = "<group>"; };
		5898542A1F055E5A00C0C480 /* RepeatingTimerManager.swift */ = {isa = PBXFileReference; fileEncoding = 4; lastKnownFileType = sourcecode.swift; name = RepeatingTimerManager.swift; path = Spinner/RepeatingTimerManager.swift; sourceTree = "<group>"; };
/* End PBXFileReference section */

/* Begin PBXFrameworksBuildPhase section */
		5898540A1F0559A200C0C480 /* Frameworks */ = {
			isa = PBXFrameworksBuildPhase;
			buildActionMask = 2147483647;
			files = (
			);
			runOnlyForDeploymentPostprocessing = 0;
		};
/* End PBXFrameworksBuildPhase section */

/* Begin PBXGroup section */
		589854041F0559A200C0C480 = {
			isa = PBXGroup;
			children = (
				5898540F1F0559A200C0C480 /* SASpinner */,
				5898540E1F0559A200C0C480 /* Products */,
			);
			sourceTree = "<group>";
		};
		5898540E1F0559A200C0C480 /* Products */ = {
			isa = PBXGroup;
			children = (
				5898540D1F0559A200C0C480 /* SASpinner.app */,
			);
			name = Products;
			sourceTree = "<group>";
		};
		5898540F1F0559A200C0C480 /* SASpinner */ = {
			isa = PBXGroup;
			children = (
				589854221F0559DA00C0C480 /* Spinner */,
				589854101F0559A200C0C480 /* AppDelegate.swift */,
				589854121F0559A200C0C480 /* ViewController.swift */,
				589854141F0559A200C0C480 /* Main.storyboard */,
				589854171F0559A200C0C480 /* Assets.xcassets */,
				589854191F0559A200C0C480 /* LaunchScreen.storyboard */,
				5898541C1F0559A200C0C480 /* Info.plist */,
			);
			path = SASpinner;
			sourceTree = "<group>";
		};
		589854221F0559DA00C0C480 /* Spinner */ = {
			isa = PBXGroup;
			children = (
				589854231F055A0A00C0C480 /* SpinnerView.swift */,
				589854251F055A3100C0C480 /* OvalLayer.swift */,
				589854271F055A4500C0C480 /* TriangleLayer.swift */,
				581F8B791F06945E006EB70E /* OvalOuterLayer.swift */,
				5898542A1F055E5A00C0C480 /* RepeatingTimerManager.swift */,
			);
			name = Spinner;
			sourceTree = "<group>";
		};
/* End PBXGroup section */

/* Begin PBXNativeTarget section */
		5898540C1F0559A200C0C480 /* SASpinner */ = {
			isa = PBXNativeTarget;
			buildConfigurationList = 5898541F1F0559A200C0C480 /* Build configuration list for PBXNativeTarget "SASpinner" */;
			buildPhases = (
				589854091F0559A200C0C480 /* Sources */,
				5898540A1F0559A200C0C480 /* Frameworks */,
				5898540B1F0559A200C0C480 /* Resources */,
			);
			buildRules = (
			);
			dependencies = (
			);
			name = SASpinner;
			productName = SASpinner;
			productReference = 5898540D1F0559A200C0C480 /* SASpinner.app */;
			productType = "com.apple.product-type.application";
		};
/* End PBXNativeTarget section */

/* Begin PBXProject section */
		589854051F0559A200C0C480 /* Project object */ = {
			isa = PBXProject;
			attributes = {
				LastSwiftUpdateCheck = 0830;
				LastUpgradeCheck = 0830;
				ORGANIZATIONNAME = "Sulabh Agarwal";
				TargetAttributes = {
					5898540C1F0559A200C0C480 = {
						CreatedOnToolsVersion = 8.3;
						ProvisioningStyle = Automatic;
					};
				};
			};
			buildConfigurationList = 589854081F0559A200C0C480 /* Build configuration list for PBXProject "SASpinner" */;
			compatibilityVersion = "Xcode 3.2";
			developmentRegion = English;
			hasScannedForEncodings = 0;
			knownRegions = (
				en,
				Base,
			);
			mainGroup = 589854041F0559A200C0C480;
			productRefGroup = 5898540E1F0559A200C0C480 /* Products */;
			projectDirPath = "";
			projectRoot = "";
			targets = (
				5898540C1F0559A200C0C480 /* SASpinner */,
			);
		};
/* End PBXProject section */

/* Begin PBXResourcesBuildPhase section */
		5898540B1F0559A200C0C480 /* Resources */ = {
			isa = PBXResourcesBuildPhase;
			buildActionMask = 2147483647;
			files = (
				5898541B1F0559A200C0C480 /* LaunchScreen.storyboard in Resources */,
				589854181F0559A200C0C480 /* Assets.xcassets in Resources */,
				589854161F0559A200C0C480 /* Main.storyboard in Resources */,
			);
			runOnlyForDeploymentPostprocessing = 0;
		};
/* End PBXResourcesBuildPhase section */

/* Begin PBXSourcesBuildPhase section */
		589854091F0559A200C0C480 /* Sources */ = {
			isa = PBXSourcesBuildPhase;
			buildActionMask = 2147483647;
			files = (
				589854131F0559A200C0C480 /* ViewController.swift in Sources */,
				581F8B7A1F06945E006EB70E /* OvalOuterLayer.swift in Sources */,
				589854281F055A4500C0C480 /* TriangleLayer.swift in Sources */,
				589854261F055A3100C0C480 /* OvalLayer.swift in Sources */,
				5898542B1F055E5A00C0C480 /* RepeatingTimerManager.swift in Sources */,
				589854241F055A0A00C0C480 /* SpinnerView.swift in Sources */,
				589854111F0559A200C0C480 /* AppDelegate.swift in Sources */,
			);
			runOnlyForDeploymentPostprocessing = 0;
		};
/* End PBXSourcesBuildPhase section */

/* Begin PBXVariantGroup section */
		589854141F0559A200C0C480 /* Main.storyboard */ = {
			isa = PBXVariantGroup;
			children = (
				589854151F0559A200C0C480 /* Base */,
			);
			name = Main.storyboard;
			sourceTree = "<group>";
		};
		589854191F0559A200C0C480 /* LaunchScreen.storyboard */ = {
			isa = PBXVariantGroup;
			children = (
				5898541A1F0559A200C0C480 /* Base */,
			);
			name = LaunchScreen.storyboard;
			sourceTree = "<group>";
		};
/* End PBXVariantGroup section */

/* Begin XCBuildConfiguration section */
		5898541D1F0559A200C0C480 /* Debug */ = {
			isa = XCBuildConfiguration;
			buildSettings = {
				ALWAYS_SEARCH_USER_PATHS = NO;
				CLANG_ANALYZER_NONNULL = YES;
				CLANG_ANALYZER_NUMBER_OBJECT_CONVERSION = YES_AGGRESSIVE;
				CLANG_CXX_LANGUAGE_STANDARD = "gnu++0x";
				CLANG_CXX_LIBRARY = "libc++";
				CLANG_ENABLE_MODULES = YES;
				CLANG_ENABLE_OBJC_ARC = YES;
				CLANG_WARN_BOOL_CONVERSION = YES;
				CLANG_WARN_CONSTANT_CONVERSION = YES;
				CLANG_WARN_DIRECT_OBJC_ISA_USAGE = YES_ERROR;
				CLANG_WARN_DOCUMENTATION_COMMENTS = YES;
				CLANG_WARN_EMPTY_BODY = YES;
				CLANG_WARN_ENUM_CONVERSION = YES;
				CLANG_WARN_INFINITE_RECURSION = YES;
				CLANG_WARN_INT_CONVERSION = YES;
				CLANG_WARN_OBJC_ROOT_CLASS = YES_ERROR;
				CLANG_WARN_SUSPICIOUS_MOVE = YES;
				CLANG_WARN_UNREACHABLE_CODE = YES;
				CLANG_WARN__DUPLICATE_METHOD_MATCH = YES;
				"CODE_SIGN_IDENTITY[sdk=iphoneos*]" = "iPhone Developer";
				COPY_PHASE_STRIP = NO;
				DEBUG_INFORMATION_FORMAT = dwarf;
				ENABLE_STRICT_OBJC_MSGSEND = YES;
				ENABLE_TESTABILITY = YES;
				GCC_C_LANGUAGE_STANDARD = gnu99;
				GCC_DYNAMIC_NO_PIC = NO;
				GCC_NO_COMMON_BLOCKS = YES;
				GCC_OPTIMIZATION_LEVEL = 0;
				GCC_PREPROCESSOR_DEFINITIONS = (
					"DEBUG=1",
					"$(inherited)",
				);
				GCC_WARN_64_TO_32_BIT_CONVERSION = YES;
				GCC_WARN_ABOUT_RETURN_TYPE = YES_ERROR;
				GCC_WARN_UNDECLARED_SELECTOR = YES;
				GCC_WARN_UNINITIALIZED_AUTOS = YES_AGGRESSIVE;
				GCC_WARN_UNUSED_FUNCTION = YES;
				GCC_WARN_UNUSED_VARIABLE = YES;
				IPHONEOS_DEPLOYMENT_TARGET = 10.3;
				MTL_ENABLE_DEBUG_INFO = YES;
				ONLY_ACTIVE_ARCH = YES;
				SDKROOT = iphoneos;
				SWIFT_ACTIVE_COMPILATION_CONDITIONS = DEBUG;
				SWIFT_OPTIMIZATION_LEVEL = "-Onone";
			};
			name = Debug;
		};
		5898541E1F0559A200C0C480 /* Release */ = {
			isa = XCBuildConfiguration;
			buildSettings = {
				ALWAYS_SEARCH_USER_PATHS = NO;
				CLANG_ANALYZER_NONNULL = YES;
				CLANG_ANALYZER_NUMBER_OBJECT_CONVERSION = YES_AGGRESSIVE;
				CLANG_CXX_LANGUAGE_STANDARD = "gnu++0x";
				CLANG_CXX_LIBRARY = "libc++";
				CLANG_ENABLE_MODULES = YES;
				CLANG_ENABLE_OBJC_ARC = YES;
				CLANG_WARN_BOOL_CONVERSION = YES;
				CLANG_WARN_CONSTANT_CONVERSION = YES;
				CLANG_WARN_DIRECT_OBJC_ISA_USAGE = YES_ERROR;
				CLANG_WARN_DOCUMENTATION_COMMENTS = YES;
				CLANG_WARN_EMPTY_BODY = YES;
				CLANG_WARN_ENUM_CONVERSION = YES;
				CLANG_WARN_INFINITE_RECURSION = YES;
				CLANG_WARN_INT_CONVERSION = YES;
				CLANG_WARN_OBJC_ROOT_CLASS = YES_ERROR;
				CLANG_WARN_SUSPICIOUS_MOVE = YES;
				CLANG_WARN_UNREACHABLE_CODE = YES;
				CLANG_WARN__DUPLICATE_METHOD_MATCH = YES;
				"CODE_SIGN_IDENTITY[sdk=iphoneos*]" = "iPhone Developer";
				COPY_PHASE_STRIP = NO;
				DEBUG_INFORMATION_FORMAT = "dwarf-with-dsym";
				ENABLE_NS_ASSERTIONS = NO;
				ENABLE_STRICT_OBJC_MSGSEND = YES;
				GCC_C_LANGUAGE_STANDARD = gnu99;
				GCC_NO_COMMON_BLOCKS = YES;
				GCC_WARN_64_TO_32_BIT_CONVERSION = YES;
				GCC_WARN_ABOUT_RETURN_TYPE = YES_ERROR;
				GCC_WARN_UNDECLARED_SELECTOR = YES;
				GCC_WARN_UNINITIALIZED_AUTOS = YES_AGGRESSIVE;
				GCC_WARN_UNUSED_FUNCTION = YES;
				GCC_WARN_UNUSED_VARIABLE = YES;
				IPHONEOS_DEPLOYMENT_TARGET = 10.3;
				MTL_ENABLE_DEBUG_INFO = NO;
				SDKROOT = iphoneos;
				SWIFT_OPTIMIZATION_LEVEL = "-Owholemodule";
				VALIDATE_PRODUCT = YES;
			};
			name = Release;
		};
		589854201F0559A200C0C480 /* Debug */ = {
			isa = XCBuildConfiguration;
			buildSettings = {
				ASSETCATALOG_COMPILER_APPICON_NAME = AppIcon;
				INFOPLIST_FILE = SASpinner/Info.plist;
				LD_RUNPATH_SEARCH_PATHS = "$(inherited) @executable_path/Frameworks";
				PRODUCT_BUNDLE_IDENTIFIER = com.SASpinner;
				PRODUCT_NAME = "$(TARGET_NAME)";
				SWIFT_VERSION = 3.0;
			};
			name = Debug;
		};
		589854211F0559A200C0C480 /* Release */ = {
			isa = XCBuildConfiguration;
			buildSettings = {
				ASSETCATALOG_COMPILER_APPICON_NAME = AppIcon;
				INFOPLIST_FILE = SASpinner/Info.plist;
				LD_RUNPATH_SEARCH_PATHS = "$(inherited) @executable_path/Frameworks";
				PRODUCT_BUNDLE_IDENTIFIER = com.SASpinner;
				PRODUCT_NAME = "$(TARGET_NAME)";
				SWIFT_VERSION = 3.0;
			};
			name = Release;
		};
/* End XCBuildConfiguration section */

/* Begin XCConfigurationList section */
		589854081F0559A200C0C480 /* Build configuration list for PBXProject "SASpinner" */ = {
			isa = XCConfigurationList;
			buildConfigurations = (
				5898541D1F0559A200C0C480 /* Debug */,
				5898541E1F0559A200C0C480 /* Release */,
			);
			defaultConfigurationIsVisible = 0;
			defaultConfigurationName = Release;
		};
		5898541F1F0559A200C0C480 /* Build configuration list for PBXNativeTarget "SASpinner" */ = {
			isa = XCConfigurationList;
			buildConfigurations = (
				589854201F0559A200C0C480 /* Debug */,
				589854211F0559A200C0C480 /* Release */,
			);
			defaultConfigurationIsVisible = 0;
			defaultConfigurationName = Release;
		};
/* End XCConfigurationList section */
	};
	rootObject = 589854051F0559A200C0C480 /* Project object */;
}
